// !$*UTF8*$!
{
	archiveVersion = 1;
	classes = {
	};
	objectVersion = 56;
	objects = {

/* Begin PBXBuildFile section */
		5858CDC12AEF11D800D4C7D4 /* bento_boxApp.swift in Sources */ = {isa = PBXBuildFile; fileRef = 5858CDC02AEF11D800D4C7D4 /* bento_boxApp.swift */; };
		5858CDC32AEF11D800D4C7D4 /* ContentView.swift in Sources */ = {isa = PBXBuildFile; fileRef = 5858CDC22AEF11D800D4C7D4 /* ContentView.swift */; };
		5858CDC52AEF11DB00D4C7D4 /* Assets.xcassets in Resources */ = {isa = PBXBuildFile; fileRef = 5858CDC42AEF11DB00D4C7D4 /* Assets.xcassets */; };
		5858CDC82AEF11DB00D4C7D4 /* Preview Assets.xcassets in Resources */ = {isa = PBXBuildFile; fileRef = 5858CDC72AEF11DB00D4C7D4 /* Preview Assets.xcassets */; };
		5858CDD32AEF11DC00D4C7D4 /* bento_boxTests.swift in Sources */ = {isa = PBXBuildFile; fileRef = 5858CDD22AEF11DC00D4C7D4 /* bento_boxTests.swift */; };
		5858CDDD2AEF11DC00D4C7D4 /* bento_boxUITests.swift in Sources */ = {isa = PBXBuildFile; fileRef = 5858CDDC2AEF11DC00D4C7D4 /* bento_boxUITests.swift */; };
		5858CDDF2AEF11DC00D4C7D4 /* bento_boxUITestsLaunchTests.swift in Sources */ = {isa = PBXBuildFile; fileRef = 5858CDDE2AEF11DC00D4C7D4 /* bento_boxUITestsLaunchTests.swift */; };
/* End PBXBuildFile section */

/* Begin PBXContainerItemProxy section */
		5858CDCF2AEF11DC00D4C7D4 /* PBXContainerItemProxy */ = {
			isa = PBXContainerItemProxy;
			containerPortal = 5858CDB52AEF11D800D4C7D4 /* Project object */;
			proxyType = 1;
			remoteGlobalIDString = 5858CDBC2AEF11D800D4C7D4;
			remoteInfo = "bento box";
		};
		5858CDD92AEF11DC00D4C7D4 /* PBXContainerItemProxy */ = {
			isa = PBXContainerItemProxy;
			containerPortal = 5858CDB52AEF11D800D4C7D4 /* Project object */;
			proxyType = 1;
			remoteGlobalIDString = 5858CDBC2AEF11D800D4C7D4;
			remoteInfo = "bento box";
		};
/* End PBXContainerItemProxy section */

/* Begin PBXFileReference section */
		5858CDBD2AEF11D800D4C7D4 /* bento box.app */ = {isa = PBXFileReference; explicitFileType = wrapper.application; includeInIndex = 0; path = "bento box.app"; sourceTree = BUILT_PRODUCTS_DIR; };
		5858CDC02AEF11D800D4C7D4 /* bento_boxApp.swift */ = {isa = PBXFileReference; lastKnownFileType = sourcecode.swift; path = bento_boxApp.swift; sourceTree = "<group>"; };
		5858CDC22AEF11D800D4C7D4 /* ContentView.swift */ = {isa = PBXFileReference; lastKnownFileType = sourcecode.swift; path = ContentView.swift; sourceTree = "<group>"; };
		5858CDC42AEF11DB00D4C7D4 /* Assets.xcassets */ = {isa = PBXFileReference; lastKnownFileType = folder.assetcatalog; path = Assets.xcassets; sourceTree = "<group>"; };
		5858CDC72AEF11DB00D4C7D4 /* Preview Assets.xcassets */ = {isa = PBXFileReference; lastKnownFileType = folder.assetcatalog; path = "Preview Assets.xcassets"; sourceTree = "<group>"; };
		5858CDC92AEF11DB00D4C7D4 /* bento_box.entitlements */ = {isa = PBXFileReference; lastKnownFileType = text.plist.entitlements; path = bento_box.entitlements; sourceTree = "<group>"; };
		5858CDCE2AEF11DC00D4C7D4 /* bento boxTests.xctest */ = {isa = PBXFileReference; explicitFileType = wrapper.cfbundle; includeInIndex = 0; path = "bento boxTests.xctest"; sourceTree = BUILT_PRODUCTS_DIR; };
		5858CDD22AEF11DC00D4C7D4 /* bento_boxTests.swift */ = {isa = PBXFileReference; lastKnownFileType = sourcecode.swift; path = bento_boxTests.swift; sourceTree = "<group>"; };
		5858CDD82AEF11DC00D4C7D4 /* bento boxUITests.xctest */ = {isa = PBXFileReference; explicitFileType = wrapper.cfbundle; includeInIndex = 0; path = "bento boxUITests.xctest"; sourceTree = BUILT_PRODUCTS_DIR; };
		5858CDDC2AEF11DC00D4C7D4 /* bento_boxUITests.swift */ = {isa = PBXFileReference; lastKnownFileType = sourcecode.swift; path = bento_boxUITests.swift; sourceTree = "<group>"; };
		5858CDDE2AEF11DC00D4C7D4 /* bento_boxUITestsLaunchTests.swift */ = {isa = PBXFileReference; lastKnownFileType = sourcecode.swift; path = bento_boxUITestsLaunchTests.swift; sourceTree = "<group>"; };
/* End PBXFileReference section */

/* Begin PBXFrameworksBuildPhase section */
		5858CDBA2AEF11D800D4C7D4 /* Frameworks */ = {
			isa = PBXFrameworksBuildPhase;
			buildActionMask = 2147483647;
			files = (
			);
			runOnlyForDeploymentPostprocessing = 0;
		};
		5858CDCB2AEF11DC00D4C7D4 /* Frameworks */ = {
			isa = PBXFrameworksBuildPhase;
			buildActionMask = 2147483647;
			files = (
			);
			runOnlyForDeploymentPostprocessing = 0;
		};
		5858CDD52AEF11DC00D4C7D4 /* Frameworks */ = {
			isa = PBXFrameworksBuildPhase;
			buildActionMask = 2147483647;
			files = (
			);
			runOnlyForDeploymentPostprocessing = 0;
		};
/* End PBXFrameworksBuildPhase section */

/* Begin PBXGroup section */
		5858CDB42AEF11D800D4C7D4 = {
			isa = PBXGroup;
			children = (
				5858CDBF2AEF11D800D4C7D4 /* bento box */,
				5858CDD12AEF11DC00D4C7D4 /* bento boxTests */,
				5858CDDB2AEF11DC00D4C7D4 /* bento boxUITests */,
				5858CDBE2AEF11D800D4C7D4 /* Products */,
			);
			sourceTree = "<group>";
		};
		5858CDBE2AEF11D800D4C7D4 /* Products */ = {
			isa = PBXGroup;
			children = (
				5858CDBD2AEF11D800D4C7D4 /* bento box.app */,
				5858CDCE2AEF11DC00D4C7D4 /* bento boxTests.xctest */,
				5858CDD82AEF11DC00D4C7D4 /* bento boxUITests.xctest */,
			);
			name = Products;
			sourceTree = "<group>";
		};
		5858CDBF2AEF11D800D4C7D4 /* bento box */ = {
			isa = PBXGroup;
			children = (
				5858CDC02AEF11D800D4C7D4 /* bento_boxApp.swift */,
				5858CDC22AEF11D800D4C7D4 /* ContentView.swift */,
				5858CDC42AEF11DB00D4C7D4 /* Assets.xcassets */,
				5858CDC92AEF11DB00D4C7D4 /* bento_box.entitlements */,
				5858CDC62AEF11DB00D4C7D4 /* Preview Content */,
			);
			path = "bento box";
			sourceTree = "<group>";
		};
		5858CDC62AEF11DB00D4C7D4 /* Preview Content */ = {
			isa = PBXGroup;
			children = (
				5858CDC72AEF11DB00D4C7D4 /* Preview Assets.xcassets */,
			);
			path = "Preview Content";
			sourceTree = "<group>";
		};
		5858CDD12AEF11DC00D4C7D4 /* bento boxTests */ = {
			isa = PBXGroup;
			children = (
				5858CDD22AEF11DC00D4C7D4 /* bento_boxTests.swift */,
			);
			path = "bento boxTests";
			sourceTree = "<group>";
		};
		5858CDDB2AEF11DC00D4C7D4 /* bento boxUITests */ = {
			isa = PBXGroup;
			children = (
				5858CDDC2AEF11DC00D4C7D4 /* bento_boxUITests.swift */,
				5858CDDE2AEF11DC00D4C7D4 /* bento_boxUITestsLaunchTests.swift */,
			);
			path = "bento boxUITests";
			sourceTree = "<group>";
		};
/* End PBXGroup section */

/* Begin PBXNativeTarget section */
		5858CDBC2AEF11D800D4C7D4 /* bento box */ = {
			isa = PBXNativeTarget;
			buildConfigurationList = 5858CDE22AEF11DC00D4C7D4 /* Build configuration list for PBXNativeTarget "bento box" */;
			buildPhases = (
				5858CDB92AEF11D800D4C7D4 /* Sources */,
				5858CDBA2AEF11D800D4C7D4 /* Frameworks */,
				5858CDBB2AEF11D800D4C7D4 /* Resources */,
			);
			buildRules = (
			);
			dependencies = (
			);
			name = "bento box";
			productName = "bento box";
			productReference = 5858CDBD2AEF11D800D4C7D4 /* bento box.app */;
			productType = "com.apple.product-type.application";
		};
		5858CDCD2AEF11DC00D4C7D4 /* bento boxTests */ = {
			isa = PBXNativeTarget;
			buildConfigurationList = 5858CDE52AEF11DC00D4C7D4 /* Build configuration list for PBXNativeTarget "bento boxTests" */;
			buildPhases = (
				5858CDCA2AEF11DC00D4C7D4 /* Sources */,
				5858CDCB2AEF11DC00D4C7D4 /* Frameworks */,
				5858CDCC2AEF11DC00D4C7D4 /* Resources */,
			);
			buildRules = (
			);
			dependencies = (
				5858CDD02AEF11DC00D4C7D4 /* PBXTargetDependency */,
			);
			name = "bento boxTests";
			productName = "bento boxTests";
			productReference = 5858CDCE2AEF11DC00D4C7D4 /* bento boxTests.xctest */;
			productType = "com.apple.product-type.bundle.unit-test";
		};
		5858CDD72AEF11DC00D4C7D4 /* bento boxUITests */ = {
			isa = PBXNativeTarget;
			buildConfigurationList = 5858CDE82AEF11DC00D4C7D4 /* Build configuration list for PBXNativeTarget "bento boxUITests" */;
			buildPhases = (
				5858CDD42AEF11DC00D4C7D4 /* Sources */,
				5858CDD52AEF11DC00D4C7D4 /* Frameworks */,
				5858CDD62AEF11DC00D4C7D4 /* Resources */,
			);
			buildRules = (
			);
			dependencies = (
				5858CDDA2AEF11DC00D4C7D4 /* PBXTargetDependency */,
			);
			name = "bento boxUITests";
			productName = "bento boxUITests";
			productReference = 5858CDD82AEF11DC00D4C7D4 /* bento boxUITests.xctest */;
			productType = "com.apple.product-type.bundle.ui-testing";
		};
/* End PBXNativeTarget section */

/* Begin PBXProject section */
		5858CDB52AEF11D800D4C7D4 /* Project object */ = {
			isa = PBXProject;
			attributes = {
				BuildIndependentTargetsInParallel = 1;
				LastSwiftUpdateCheck = 1500;
				LastUpgradeCheck = 1500;
				TargetAttributes = {
					5858CDBC2AEF11D800D4C7D4 = {
						CreatedOnToolsVersion = 15.0;
					};
					5858CDCD2AEF11DC00D4C7D4 = {
						CreatedOnToolsVersion = 15.0;
						TestTargetID = 5858CDBC2AEF11D800D4C7D4;
					};
					5858CDD72AEF11DC00D4C7D4 = {
						CreatedOnToolsVersion = 15.0;
						TestTargetID = 5858CDBC2AEF11D800D4C7D4;
					};
				};
			};
			buildConfigurationList = 5858CDB82AEF11D800D4C7D4 /* Build configuration list for PBXProject "bento box" */;
			compatibilityVersion = "Xcode 14.0";
			developmentRegion = en;
			hasScannedForEncodings = 0;
			knownRegions = (
				en,
				Base,
			);
			mainGroup = 5858CDB42AEF11D800D4C7D4;
			productRefGroup = 5858CDBE2AEF11D800D4C7D4 /* Products */;
			projectDirPath = "";
			projectRoot = "";
			targets = (
				5858CDBC2AEF11D800D4C7D4 /* bento box */,
				5858CDCD2AEF11DC00D4C7D4 /* bento boxTests */,
				5858CDD72AEF11DC00D4C7D4 /* bento boxUITests */,
			);
		};
/* End PBXProject section */

/* Begin PBXResourcesBuildPhase section */
		5858CDBB2AEF11D800D4C7D4 /* Resources */ = {
			isa = PBXResourcesBuildPhase;
			buildActionMask = 2147483647;
			files = (
				5858CDC82AEF11DB00D4C7D4 /* Preview Assets.xcassets in Resources */,
				5858CDC52AEF11DB00D4C7D4 /* Assets.xcassets in Resources */,
			);
			runOnlyForDeploymentPostprocessing = 0;
		};
		5858CDCC2AEF11DC00D4C7D4 /* Resources */ = {
			isa = PBXResourcesBuildPhase;
			buildActionMask = 2147483647;
			files = (
			);
			runOnlyForDeploymentPostprocessing = 0;
		};
		5858CDD62AEF11DC00D4C7D4 /* Resources */ = {
			isa = PBXResourcesBuildPhase;
			buildActionMask = 2147483647;
			files = (
			);
			runOnlyForDeploymentPostprocessing = 0;
		};
/* End PBXResourcesBuildPhase section */

/* Begin PBXSourcesBuildPhase section */
		5858CDB92AEF11D800D4C7D4 /* Sources */ = {
			isa = PBXSourcesBuildPhase;
			buildActionMask = 2147483647;
			files = (
				5858CDC32AEF11D800D4C7D4 /* ContentView.swift in Sources */,
				5858CDC12AEF11D800D4C7D4 /* bento_boxApp.swift in Sources */,
			);
			runOnlyForDeploymentPostprocessing = 0;
		};
		5858CDCA2AEF11DC00D4C7D4 /* Sources */ = {
			isa = PBXSourcesBuildPhase;
			buildActionMask = 2147483647;
			files = (
				5858CDD32AEF11DC00D4C7D4 /* bento_boxTests.swift in Sources */,
			);
			runOnlyForDeploymentPostprocessing = 0;
		};
		5858CDD42AEF11DC00D4C7D4 /* Sources */ = {
			isa = PBXSourcesBuildPhase;
			buildActionMask = 2147483647;
			files = (
				5858CDDD2AEF11DC00D4C7D4 /* bento_boxUITests.swift in Sources */,
				5858CDDF2AEF11DC00D4C7D4 /* bento_boxUITestsLaunchTests.swift in Sources */,
			);
			runOnlyForDeploymentPostprocessing = 0;
		};
/* End PBXSourcesBuildPhase section */

/* Begin PBXTargetDependency section */
		5858CDD02AEF11DC00D4C7D4 /* PBXTargetDependency */ = {
			isa = PBXTargetDependency;
			target = 5858CDBC2AEF11D800D4C7D4 /* bento box */;
			targetProxy = 5858CDCF2AEF11DC00D4C7D4 /* PBXContainerItemProxy */;
		};
		5858CDDA2AEF11DC00D4C7D4 /* PBXTargetDependency */ = {
			isa = PBXTargetDependency;
			target = 5858CDBC2AEF11D800D4C7D4 /* bento box */;
			targetProxy = 5858CDD92AEF11DC00D4C7D4 /* PBXContainerItemProxy */;
		};
/* End PBXTargetDependency section */

/* Begin XCBuildConfiguration section */
		5858CDE02AEF11DC00D4C7D4 /* Debug */ = {
			isa = XCBuildConfiguration;
			buildSettings = {
				ALWAYS_SEARCH_USER_PATHS = NO;
				ASSETCATALOG_COMPILER_GENERATE_SWIFT_ASSET_SYMBOL_EXTENSIONS = YES;
				CLANG_ANALYZER_NONNULL = YES;
				CLANG_ANALYZER_NUMBER_OBJECT_CONVERSION = YES_AGGRESSIVE;
				CLANG_CXX_LANGUAGE_STANDARD = "gnu++20";
				CLANG_ENABLE_MODULES = YES;
				CLANG_ENABLE_OBJC_ARC = YES;
				CLANG_ENABLE_OBJC_WEAK = YES;
				CLANG_WARN_BLOCK_CAPTURE_AUTORELEASING = YES;
				CLANG_WARN_BOOL_CONVERSION = YES;
				CLANG_WARN_COMMA = YES;
				CLANG_WARN_CONSTANT_CONVERSION = YES;
				CLANG_WARN_DEPRECATED_OBJC_IMPLEMENTATIONS = YES;
				CLANG_WARN_DIRECT_OBJC_ISA_USAGE = YES_ERROR;
				CLANG_WARN_DOCUMENTATION_COMMENTS = YES;
				CLANG_WARN_EMPTY_BODY = YES;
				CLANG_WARN_ENUM_CONVERSION = YES;
				CLANG_WARN_INFINITE_RECURSION = YES;
				CLANG_WARN_INT_CONVERSION = YES;
				CLANG_WARN_NON_LITERAL_NULL_CONVERSION = YES;
				CLANG_WARN_OBJC_IMPLICIT_RETAIN_SELF = YES;
				CLANG_WARN_OBJC_LITERAL_CONVERSION = YES;
				CLANG_WARN_OBJC_ROOT_CLASS = YES_ERROR;
				CLANG_WARN_QUOTED_INCLUDE_IN_FRAMEWORK_HEADER = YES;
				CLANG_WARN_RANGE_LOOP_ANALYSIS = YES;
				CLANG_WARN_STRICT_PROTOTYPES = YES;
				CLANG_WARN_SUSPICIOUS_MOVE = YES;
				CLANG_WARN_UNGUARDED_AVAILABILITY = YES_AGGRESSIVE;
				CLANG_WARN_UNREACHABLE_CODE = YES;
				CLANG_WARN__DUPLICATE_METHOD_MATCH = YES;
				COPY_PHASE_STRIP = NO;
				DEBUG_INFORMATION_FORMAT = dwarf;
				ENABLE_STRICT_OBJC_MSGSEND = YES;
				ENABLE_TESTABILITY = YES;
				ENABLE_USER_SCRIPT_SANDBOXING = YES;
				GCC_C_LANGUAGE_STANDARD = gnu17;
				GCC_DYNAMIC_NO_PIC = NO;
				GCC_NO_COMMON_BLOCKS = YES;
				GCC_OPTIMIZATION_LEVEL = 0;
				GCC_PREPROCESSOR_DEFINITIONS = (
					"DEBUG=1",
					"$(inherited)",
				);
				GCC_WARN_64_TO_32_BIT_CONVERSION = YES;
				GCC_WARN_ABOUT_RETURN_TYPE = YES_ERROR;
				GCC_WARN_UNDECLARED_SELECTOR = YES;
				GCC_WARN_UNINITIALIZED_AUTOS = YES_AGGRESSIVE;
				GCC_WARN_UNUSED_FUNCTION = YES;
				GCC_WARN_UNUSED_VARIABLE = YES;
				LOCALIZATION_PREFERS_STRING_CATALOGS = YES;
				MACOSX_DEPLOYMENT_TARGET = 14.0;
				MTL_ENABLE_DEBUG_INFO = INCLUDE_SOURCE;
				MTL_FAST_MATH = YES;
				ONLY_ACTIVE_ARCH = YES;
				SDKROOT = macosx;
				SWIFT_ACTIVE_COMPILATION_CONDITIONS = "DEBUG $(inherited)";
				SWIFT_OPTIMIZATION_LEVEL = "-Onone";
			};
			name = Debug;
		};
		5858CDE12AEF11DC00D4C7D4 /* Release */ = {
			isa = XCBuildConfiguration;
			buildSettings = {
				ALWAYS_SEARCH_USER_PATHS = NO;
				ASSETCATALOG_COMPILER_GENERATE_SWIFT_ASSET_SYMBOL_EXTENSIONS = YES;
				CLANG_ANALYZER_NONNULL = YES;
				CLANG_ANALYZER_NUMBER_OBJECT_CONVERSION = YES_AGGRESSIVE;
				CLANG_CXX_LANGUAGE_STANDARD = "gnu++20";
				CLANG_ENABLE_MODULES = YES;
				CLANG_ENABLE_OBJC_ARC = YES;
				CLANG_ENABLE_OBJC_WEAK = YES;
				CLANG_WARN_BLOCK_CAPTURE_AUTORELEASING = YES;
				CLANG_WARN_BOOL_CONVERSION = YES;
				CLANG_WARN_COMMA = YES;
				CLANG_WARN_CONSTANT_CONVERSION = YES;
				CLANG_WARN_DEPRECATED_OBJC_IMPLEMENTATIONS = YES;
				CLANG_WARN_DIRECT_OBJC_ISA_USAGE = YES_ERROR;
				CLANG_WARN_DOCUMENTATION_COMMENTS = YES;
				CLANG_WARN_EMPTY_BODY = YES;
				CLANG_WARN_ENUM_CONVERSION = YES;
				CLANG_WARN_INFINITE_RECURSION = YES;
				CLANG_WARN_INT_CONVERSION = YES;
				CLANG_WARN_NON_LITERAL_NULL_CONVERSION = YES;
				CLANG_WARN_OBJC_IMPLICIT_RETAIN_SELF = YES;
				CLANG_WARN_OBJC_LITERAL_CONVERSION = YES;
				CLANG_WARN_OBJC_ROOT_CLASS = YES_ERROR;
				CLANG_WARN_QUOTED_INCLUDE_IN_FRAMEWORK_HEADER = YES;
				CLANG_WARN_RANGE_LOOP_ANALYSIS = YES;
				CLANG_WARN_STRICT_PROTOTYPES = YES;
				CLANG_WARN_SUSPICIOUS_MOVE = YES;
				CLANG_WARN_UNGUARDED_AVAILABILITY = YES_AGGRESSIVE;
				CLANG_WARN_UNREACHABLE_CODE = YES;
				CLANG_WARN__DUPLICATE_METHOD_MATCH = YES;
				COPY_PHASE_STRIP = NO;
				DEBUG_INFORMATION_FORMAT = "dwarf-with-dsym";
				ENABLE_NS_ASSERTIONS = NO;
				ENABLE_STRICT_OBJC_MSGSEND = YES;
				ENABLE_USER_SCRIPT_SANDBOXING = YES;
				GCC_C_LANGUAGE_STANDARD = gnu17;
				GCC_NO_COMMON_BLOCKS = YES;
				GCC_WARN_64_TO_32_BIT_CONVERSION = YES;
				GCC_WARN_ABOUT_RETURN_TYPE = YES_ERROR;
				GCC_WARN_UNDECLARED_SELECTOR = YES;
				GCC_WARN_UNINITIALIZED_AUTOS = YES_AGGRESSIVE;
				GCC_WARN_UNUSED_FUNCTION = YES;
				GCC_WARN_UNUSED_VARIABLE = YES;
				LOCALIZATION_PREFERS_STRING_CATALOGS = YES;
				MACOSX_DEPLOYMENT_TARGET = 14.0;
				MTL_ENABLE_DEBUG_INFO = NO;
				MTL_FAST_MATH = YES;
				SDKROOT = macosx;
				SWIFT_COMPILATION_MODE = wholemodule;
			};
			name = Release;
		};
		5858CDE32AEF11DC00D4C7D4 /* Debug */ = {
			isa = XCBuildConfiguration;
			buildSettings = {
				ASSETCATALOG_COMPILER_APPICON_NAME = AppIcon;
				ASSETCATALOG_COMPILER_GLOBAL_ACCENT_COLOR_NAME = AccentColor;
				CODE_SIGN_ENTITLEMENTS = "bento box/bento_box.entitlements";
				CODE_SIGN_STYLE = Automatic;
				COMBINE_HIDPI_IMAGES = YES;
				CURRENT_PROJECT_VERSION = 1;
				DEVELOPMENT_ASSET_PATHS = "\"bento box/Preview Content\"";
				ENABLE_PREVIEWS = YES;
				GENERATE_INFOPLIST_FILE = YES;
				INFOPLIST_KEY_NSHumanReadableCopyright = "";
				LD_RUNPATH_SEARCH_PATHS = (
					"$(inherited)",
					"@executable_path/../Frameworks",
				);
				MARKETING_VERSION = 1.0;
				PRODUCT_BUNDLE_IDENTIFIER = "ca.MyersMbonda.bento-box";
				PRODUCT_NAME = "$(TARGET_NAME)";
				SWIFT_EMIT_LOC_STRINGS = YES;
				SWIFT_VERSION = 5.0;
			};
			name = Debug;
		};
		5858CDE42AEF11DC00D4C7D4 /* Release */ = {
			isa = XCBuildConfiguration;
			buildSettings = {
				ASSETCATALOG_COMPILER_APPICON_NAME = AppIcon;
				ASSETCATALOG_COMPILER_GLOBAL_ACCENT_COLOR_NAME = AccentColor;
				CODE_SIGN_ENTITLEMENTS = "bento box/bento_box.entitlements";
				CODE_SIGN_STYLE = Automatic;
				COMBINE_HIDPI_IMAGES = YES;
				CURRENT_PROJECT_VERSION = 1;
				DEVELOPMENT_ASSET_PATHS = "\"bento box/Preview Content\"";
				ENABLE_PREVIEWS = YES;
				GENERATE_INFOPLIST_FILE = YES;
				INFOPLIST_KEY_NSHumanReadableCopyright = "";
				LD_RUNPATH_SEARCH_PATHS = (
					"$(inherited)",
					"@executable_path/../Frameworks",
				);
				MARKETING_VERSION = 1.0;
				PRODUCT_BUNDLE_IDENTIFIER = "ca.MyersMbonda.bento-box";
				PRODUCT_NAME = "$(TARGET_NAME)";
				SWIFT_EMIT_LOC_STRINGS = YES;
				SWIFT_VERSION = 5.0;
			};
			name = Release;
		};
		5858CDE62AEF11DC00D4C7D4 /* Debug */ = {
			isa = XCBuildConfiguration;
			buildSettings = {
				ALWAYS_EMBED_SWIFT_STANDARD_LIBRARIES = YES;
				BUNDLE_LOADER = "$(TEST_HOST)";
				CODE_SIGN_STYLE = Automatic;
				CURRENT_PROJECT_VERSION = 1;
				GENERATE_INFOPLIST_FILE = YES;
				MACOSX_DEPLOYMENT_TARGET = 14.0;
				MARKETING_VERSION = 1.0;
				PRODUCT_BUNDLE_IDENTIFIER = "ca.MyersMbonda.bento-boxTests";
				PRODUCT_NAME = "$(TARGET_NAME)";
				SWIFT_EMIT_LOC_STRINGS = NO;
				SWIFT_VERSION = 5.0;
				TEST_HOST = "$(BUILT_PRODUCTS_DIR)/bento box.app/$(BUNDLE_EXECUTABLE_FOLDER_PATH)/bento box";
			};
			name = Debug;
		};
		5858CDE72AEF11DC00D4C7D4 /* Release */ = {
			isa = XCBuildConfiguration;
			buildSettings = {
				ALWAYS_EMBED_SWIFT_STANDARD_LIBRARIES = YES;
				BUNDLE_LOADER = "$(TEST_HOST)";
				CODE_SIGN_STYLE = Automatic;
				CURRENT_PROJECT_VERSION = 1;
				GENERATE_INFOPLIST_FILE = YES;
				MACOSX_DEPLOYMENT_TARGET = 14.0;
				MARKETING_VERSION = 1.0;
				PRODUCT_BUNDLE_IDENTIFIER = "ca.MyersMbonda.bento-boxTests";
				PRODUCT_NAME = "$(TARGET_NAME)";
				SWIFT_EMIT_LOC_STRINGS = NO;
				SWIFT_VERSION = 5.0;
				TEST_HOST = "$(BUILT_PRODUCTS_DIR)/bento box.app/$(BUNDLE_EXECUTABLE_FOLDER_PATH)/bento box";
			};
			name = Release;
		};
		5858CDE92AEF11DC00D4C7D4 /* Debug */ = {
			isa = XCBuildConfiguration;
			buildSettings = {
				ALWAYS_EMBED_SWIFT_STANDARD_LIBRARIES = YES;
				CODE_SIGN_STYLE = Automatic;
				CURRENT_PROJECT_VERSION = 1;
				GENERATE_INFOPLIST_FILE = YES;
				MARKETING_VERSION = 1.0;
				PRODUCT_BUNDLE_IDENTIFIER = "ca.MyersMbonda.bento-boxUITests";
				PRODUCT_NAME = "$(TARGET_NAME)";
				SWIFT_EMIT_LOC_STRINGS = NO;
				SWIFT_VERSION = 5.0;
				TEST_TARGET_NAME = "bento box";
			};
			name = Debug;
		};
		5858CDEA2AEF11DC00D4C7D4 /* Release */ = {
			isa = XCBuildConfiguration;
			buildSettings = {
				ALWAYS_EMBED_SWIFT_STANDARD_LIBRARIES = YES;
				CODE_SIGN_STYLE = Automatic;
				CURRENT_PROJECT_VERSION = 1;
				GENERATE_INFOPLIST_FILE = YES;
				MARKETING_VERSION = 1.0;
				PRODUCT_BUNDLE_IDENTIFIER = "ca.MyersMbonda.bento-boxUITests";
				PRODUCT_NAME = "$(TARGET_NAME)";
				SWIFT_EMIT_LOC_STRINGS = NO;
				SWIFT_VERSION = 5.0;
				TEST_TARGET_NAME = "bento box";
			};
			name = Release;
		};
/* End XCBuildConfiguration section */

/* Begin XCConfigurationList section */
		5858CDB82AEF11D800D4C7D4 /* Build configuration list for PBXProject "bento box" */ = {
			isa = XCConfigurationList;
			buildConfigurations = (
				5858CDE02AEF11DC00D4C7D4 /* Debug */,
				5858CDE12AEF11DC00D4C7D4 /* Release */,
			);
			defaultConfigurationIsVisible = 0;
			defaultConfigurationName = Release;
		};
		5858CDE22AEF11DC00D4C7D4 /* Build configuration list for PBXNativeTarget "bento box" */ = {
			isa = XCConfigurationList;
			buildConfigurations = (
				5858CDE32AEF11DC00D4C7D4 /* Debug */,
				5858CDE42AEF11DC00D4C7D4 /* Release */,
			);
			defaultConfigurationIsVisible = 0;
			defaultConfigurationName = Release;
		};
		5858CDE52AEF11DC00D4C7D4 /* Build configuration list for PBXNativeTarget "bento boxTests" */ = {
			isa = XCConfigurationList;
			buildConfigurations = (
				5858CDE62AEF11DC00D4C7D4 /* Debug */,
				5858CDE72AEF11DC00D4C7D4 /* Release */,
			);
			defaultConfigurationIsVisible = 0;
			defaultConfigurationName = Release;
		};
		5858CDE82AEF11DC00D4C7D4 /* Build configuration list for PBXNativeTarget "bento boxUITests" */ = {
			isa = XCConfigurationList;
			buildConfigurations = (
				5858CDE92AEF11DC00D4C7D4 /* Debug */,
				5858CDEA2AEF11DC00D4C7D4 /* Release */,
			);
			defaultConfigurationIsVisible = 0;
			defaultConfigurationName = Release;
		};
/* End XCConfigurationList section */
	};
	rootObject = 5858CDB52AEF11D800D4C7D4 /* Project object */;
}
